
Microsoft Visual Studio Solution File, Format Version 12.00
# Visual Studio Version 17
VisualStudioVersion = 17.10.35004.147
MinimumVisualStudioVersion = 10.0.40219.1
Project("{9A19103F-16F7-4668-BE54-9A1E7A4F7556}") = "PartnerSampleIdentityApp", "PartnerSampleIdentityApp\PartnerSampleIdentityApp.csproj", "{190D0DD0-F458-4D5D-A7CE-764A15A67218}"
EndProject
Project("{2150E333-8FDC-42A3-9474-1A3956D46DE8}") = "Solution Files", "Solution Files", "{0E0AE72C-C0A8-4CB1-9EA9-A41C5952B9F3}"
	ProjectSection(SolutionItems) = preProject
		..\docs\Guest Authentication Through Our New Partners.docx = ..\docs\Guest Authentication Through Our New Partners.docx
		..\docs\Guest Authentication Through Our Partners.docx = ..\docs\Guest Authentication Through Our Partners.docx
		..\docs\oidc-integration-guide-for-partners.docx = ..\docs\oidc-integration-guide-for-partners.docx
		..\README.md = ..\README.md
		..\docs\saml-integration-guide-for-partners.docx = ..\docs\saml-integration-guide-for-partners.docx
	EndProjectSection
EndProject
Global
	GlobalSection(SolutionConfigurationPlatforms) = preSolution
		Debug|Any CPU = Debug|Any CPU
		Release|Any CPU = Release|Any CPU
	EndGlobalSection
	GlobalSection(ProjectConfigurationPlatforms) = postSolution
		{190D0DD0-F458-4D5D-A7CE-764A15A67218}.Debug|Any CPU.ActiveCfg = Debug|Any CPU
		{190D0DD0-F458-4D5D-A7CE-764A15A67218}.Debug|Any CPU.Build.0 = Debug|Any CPU
		{190D0DD0-F458-4D5D-A7CE-764A15A67218}.Release|Any CPU.ActiveCfg = Release|Any CPU
		{190D0DD0-F458-4D5D-A7CE-764A15A67218}.Release|Any CPU.Build.0 = Release|Any CPU
	EndGlobalSection
	GlobalSection(SolutionProperties) = preSolution
		HideSolutionNode = FALSE
	EndGlobalSection
	GlobalSection(ExtensibilityGlobals) = postSolution
		SolutionGuid = {34383573-93FE-43FA-9FFA-43BF0D874921}
	EndGlobalSection
EndGlobal
